
Microsoft Visual Studio Solution File, Format Version 12.00
# Visual Studio Version 17
VisualStudioVersion = 17.9.34728.123
MinimumVisualStudioVersion = 10.0.40219.1
Project("{9A19103F-16F7-4668-BE54-9A1E7A4F7556}") = "PracticaCrearPDF", "PracticaCrearPDF.csproj", "{4294E3BF-18BB-4A07-9084-91AAAC931FF1}"
EndProject
Project("{FAE04EC0-301F-11D3-BF4B-00C04F79EFBC}") = "DescargarPDF", "..\DescargarPDF\DescargarPDF.csproj", "{7D8D6DC3-4BBA-4773-8151-24CE67A52CF3}"
EndProject
Global
	GlobalSection(SolutionConfigurationPlatforms) = preSolution
		Debug|Any CPU = Debug|Any CPU
		Release|Any CPU = Release|Any CPU
	EndGlobalSection
	GlobalSection(ProjectConfigurationPlatforms) = postSolution
		{4294E3BF-18BB-4A07-9084-91AAAC931FF1}.Debug|Any CPU.ActiveCfg = Debug|Any CPU
		{4294E3BF-18BB-4A07-9084-91AAAC931FF1}.Debug|Any CPU.Build.0 = Debug|Any CPU
		{4294E3BF-18BB-4A07-9084-91AAAC931FF1}.Release|Any CPU.ActiveCfg = Release|Any CPU
		{4294E3BF-18BB-4A07-9084-91AAAC931FF1}.Release|Any CPU.Build.0 = Release|Any CPU
		{7D8D6DC3-4BBA-4773-8151-24CE67A52CF3}.Debug|Any CPU.ActiveCfg = Debug|Any CPU
		{7D8D6DC3-4BBA-4773-8151-24CE67A52CF3}.Debug|Any CPU.Build.0 = Debug|Any CPU
		{7D8D6DC3-4BBA-4773-8151-24CE67A52CF3}.Release|Any CPU.ActiveCfg = Release|Any CPU
		{7D8D6DC3-4BBA-4773-8151-24CE67A52CF3}.Release|Any CPU.Build.0 = Release|Any CPU
	EndGlobalSection
	GlobalSection(SolutionProperties) = preSolution
		HideSolutionNode = FALSE
	EndGlobalSection
	GlobalSection(ExtensibilityGlobals) = postSolution
		SolutionGuid = {3DE8AC52-EF8A-4296-8E0E-A76CAB4A1A49}
	EndGlobalSection
EndGlobal
